
Microsoft Visual Studio Solution File, Format Version 12.00
# Visual Studio Version 17
VisualStudioVersion = 17.0.32112.339
MinimumVisualStudioVersion = 10.0.40219.1
Project("{9A19103F-16F7-4668-BE54-9A1E7A4F7556}") = "BulkyBookWeb", "BulkyBookWeb\BulkyBookWeb.csproj", "{435DB51C-9E35-4FAB-8DC5-9D44CAB6E5E4}"
EndProject
Project("{FAE04EC0-301F-11D3-BF4B-00C04F79EFBC}") = "BulkyBook.Models", "BulkyBook.Models\BulkyBook.Models.csproj", "{1C77E6BA-6AFA-46A3-BE3A-02EC8E0C50A2}"
EndProject
Project("{FAE04EC0-301F-11D3-BF4B-00C04F79EFBC}") = "BulkyBook.Utility", "BulkyBook.Utility\BulkyBook.Utility.csproj", "{6F2BDDBC-5C4D-4C07-A257-E32F6E72CC30}"
EndProject
Project("{FAE04EC0-301F-11D3-BF4B-00C04F79EFBC}") = "BulkyBook.DataAccess", "BulkyBook.DataAccess\BulkyBook.DataAccess.csproj", "{1B1AEB88-4D69-4A6A-B2FF-4CAAE877A12A}"
EndProject
Global
	GlobalSection(SolutionConfigurationPlatforms) = preSolution
		Debug|Any CPU = Debug|Any CPU
		Release|Any CPU = Release|Any CPU
	EndGlobalSection
	GlobalSection(ProjectConfigurationPlatforms) = postSolution
		{435DB51C-9E35-4FAB-8DC5-9D44CAB6E5E4}.Debug|Any CPU.ActiveCfg = Debug|Any CPU
		{435DB51C-9E35-4FAB-8DC5-9D44CAB6E5E4}.Debug|Any CPU.Build.0 = Debug|Any CPU
		{435DB51C-9E35-4FAB-8DC5-9D44CAB6E5E4}.Release|Any CPU.ActiveCfg = Release|Any CPU
		{435DB51C-9E35-4FAB-8DC5-9D44CAB6E5E4}.Release|Any CPU.Build.0 = Release|Any CPU
		{1C77E6BA-6AFA-46A3-BE3A-02EC8E0C50A2}.Debug|Any CPU.ActiveCfg = Debug|Any CPU
		{1C77E6BA-6AFA-46A3-BE3A-02EC8E0C50A2}.Debug|Any CPU.Build.0 = Debug|Any CPU
		{1C77E6BA-6AFA-46A3-BE3A-02EC8E0C50A2}.Release|Any CPU.ActiveCfg = Release|Any CPU
		{1C77E6BA-6AFA-46A3-BE3A-02EC8E0C50A2}.Release|Any CPU.Build.0 = Release|Any CPU
		{6F2BDDBC-5C4D-4C07-A257-E32F6E72CC30}.Debug|Any CPU.ActiveCfg = Debug|Any CPU
		{6F2BDDBC-5C4D-4C07-A257-E32F6E72CC30}.Debug|Any CPU.Build.0 = Debug|Any CPU
		{6F2BDDBC-5C4D-4C07-A257-E32F6E72CC30}.Release|Any CPU.ActiveCfg = Release|Any CPU
		{6F2BDDBC-5C4D-4C07-A257-E32F6E72CC30}.Release|Any CPU.Build.0 = Release|Any CPU
		{1B1AEB88-4D69-4A6A-B2FF-4CAAE877A12A}.Debug|Any CPU.ActiveCfg = Debug|Any CPU
		{1B1AEB88-4D69-4A6A-B2FF-4CAAE877A12A}.Debug|Any CPU.Build.0 = Debug|Any CPU
		{1B1AEB88-4D69-4A6A-B2FF-4CAAE877A12A}.Release|Any CPU.ActiveCfg = Release|Any CPU
		{1B1AEB88-4D69-4A6A-B2FF-4CAAE877A12A}.Release|Any CPU.Build.0 = Release|Any CPU
	EndGlobalSection
	GlobalSection(SolutionProperties) = preSolution
		HideSolutionNode = FALSE
	EndGlobalSection
	GlobalSection(ExtensibilityGlobals) = postSolution
		SolutionGuid = {DE459C93-F58C-4276-9169-8B0DF3FC0473}
	EndGlobalSection
EndGlobal
